
Microsoft Visual Studio Solution File, Format Version 12.00
# Visual Studio Version 17
VisualStudioVersion = 17.9.34701.34
MinimumVisualStudioVersion = 10.0.40219.1
Project("{2150E333-8FDC-42A3-9474-1A3956D46DE8}") = "Services", "Services", "{7E9BA16B-AF66-4554-9C10-6DF1496BC39F}"
EndProject
Project("{2150E333-8FDC-42A3-9474-1A3956D46DE8}") = "Catalog", "Catalog", "{A644B80C-7EE8-4269-AC1F-C6D4DAB8E088}"
EndProject
Project("{9A19103F-16F7-4668-BE54-9A1E7A4F7556}") = "MultiShop.Catalog", "Services\Catalog\MultiShop.Catalog\MultiShop.Catalog.csproj", "{E4163268-93DE-48C4-87A5-78EE00DF3A8C}"
EndProject
Project("{2150E333-8FDC-42A3-9474-1A3956D46DE8}") = "Discount", "Discount", "{1A110515-A8FD-453C-B82A-912B89EA4605}"
EndProject
Project("{9A19103F-16F7-4668-BE54-9A1E7A4F7556}") = "MultiShop.Discount", "Services\Discount\MultiShop.Discount\MultiShop.Discount.csproj", "{83E9BB61-413B-4597-B139-CC7EDC86B575}"
EndProject
Project("{2150E333-8FDC-42A3-9474-1A3956D46DE8}") = "Order", "Order", "{5D1D21DF-A939-48FB-A24E-E827A44B0BDF}"
EndProject
Project("{2150E333-8FDC-42A3-9474-1A3956D46DE8}") = "Core", "Core", "{2F3FA58B-88BE-402D-AEA3-575C797687C8}"
EndProject
Project("{2150E333-8FDC-42A3-9474-1A3956D46DE8}") = "Infrastructure", "Infrastructure", "{3848426C-DA25-4D23-BEE2-C130D96C107A}"
EndProject
Project("{2150E333-8FDC-42A3-9474-1A3956D46DE8}") = "Presentation", "Presentation", "{C609A5BB-A606-40A9-B37A-0C47BE9238BD}"
EndProject
Project("{FAE04EC0-301F-11D3-BF4B-00C04F79EFBC}") = "MultiShop.Order.Domain", "Services\Order\Core\MultiShop.Order.Domain\MultiShop.Order.Domain.csproj", "{4622A685-E927-405A-82C8-342D2CF96387}"
EndProject
Project("{FAE04EC0-301F-11D3-BF4B-00C04F79EFBC}") = "MultiShop.Order.Application", "Services\Order\Core\MultiShop.Order.Application\MultiShop.Order.Application.csproj", "{43B3DE57-ED01-4F87-A176-D137E1F63380}"
EndProject
Project("{FAE04EC0-301F-11D3-BF4B-00C04F79EFBC}") = "MultiShop.Order.Persistence", "Services\Order\Infrastructure\MultiShop.Order.Persistence\MultiShop.Order.Persistence.csproj", "{CEA791A4-4DCE-4829-8A45-5CD9DDD6D296}"
EndProject
Project("{FAE04EC0-301F-11D3-BF4B-00C04F79EFBC}") = "MultiShop.Order.WebApi", "Services\Order\Presentation\MultiShop.Order.WebApi\MultiShop.Order.WebApi.csproj", "{BD7262E6-3ACF-4A98-AEEB-BC0CE3AFD13C}"
EndProject
Global
	GlobalSection(SolutionConfigurationPlatforms) = preSolution
		Debug|Any CPU = Debug|Any CPU
		Release|Any CPU = Release|Any CPU
	EndGlobalSection
	GlobalSection(ProjectConfigurationPlatforms) = postSolution
		{E4163268-93DE-48C4-87A5-78EE00DF3A8C}.Debug|Any CPU.ActiveCfg = Debug|Any CPU
		{E4163268-93DE-48C4-87A5-78EE00DF3A8C}.Debug|Any CPU.Build.0 = Debug|Any CPU
		{E4163268-93DE-48C4-87A5-78EE00DF3A8C}.Release|Any CPU.ActiveCfg = Release|Any CPU
		{E4163268-93DE-48C4-87A5-78EE00DF3A8C}.Release|Any CPU.Build.0 = Release|Any CPU
		{83E9BB61-413B-4597-B139-CC7EDC86B575}.Debug|Any CPU.ActiveCfg = Debug|Any CPU
		{83E9BB61-413B-4597-B139-CC7EDC86B575}.Debug|Any CPU.Build.0 = Debug|Any CPU
		{83E9BB61-413B-4597-B139-CC7EDC86B575}.Release|Any CPU.ActiveCfg = Release|Any CPU
		{83E9BB61-413B-4597-B139-CC7EDC86B575}.Release|Any CPU.Build.0 = Release|Any CPU
		{4622A685-E927-405A-82C8-342D2CF96387}.Debug|Any CPU.ActiveCfg = Debug|Any CPU
		{4622A685-E927-405A-82C8-342D2CF96387}.Debug|Any CPU.Build.0 = Debug|Any CPU
		{4622A685-E927-405A-82C8-342D2CF96387}.Release|Any CPU.ActiveCfg = Release|Any CPU
		{4622A685-E927-405A-82C8-342D2CF96387}.Release|Any CPU.Build.0 = Release|Any CPU
		{43B3DE57-ED01-4F87-A176-D137E1F63380}.Debug|Any CPU.ActiveCfg = Debug|Any CPU
		{43B3DE57-ED01-4F87-A176-D137E1F63380}.Debug|Any CPU.Build.0 = Debug|Any CPU
		{43B3DE57-ED01-4F87-A176-D137E1F63380}.Release|Any CPU.ActiveCfg = Release|Any CPU
		{43B3DE57-ED01-4F87-A176-D137E1F63380}.Release|Any CPU.Build.0 = Release|Any CPU
		{CEA791A4-4DCE-4829-8A45-5CD9DDD6D296}.Debug|Any CPU.ActiveCfg = Debug|Any CPU
		{CEA791A4-4DCE-4829-8A45-5CD9DDD6D296}.Debug|Any CPU.Build.0 = Debug|Any CPU
		{CEA791A4-4DCE-4829-8A45-5CD9DDD6D296}.Release|Any CPU.ActiveCfg = Release|Any CPU
		{CEA791A4-4DCE-4829-8A45-5CD9DDD6D296}.Release|Any CPU.Build.0 = Release|Any CPU
		{BD7262E6-3ACF-4A98-AEEB-BC0CE3AFD13C}.Debug|Any CPU.ActiveCfg = Debug|Any CPU
		{BD7262E6-3ACF-4A98-AEEB-BC0CE3AFD13C}.Debug|Any CPU.Build.0 = Debug|Any CPU
		{BD7262E6-3ACF-4A98-AEEB-BC0CE3AFD13C}.Release|Any CPU.ActiveCfg = Release|Any CPU
		{BD7262E6-3ACF-4A98-AEEB-BC0CE3AFD13C}.Release|Any CPU.Build.0 = Release|Any CPU
	EndGlobalSection
	GlobalSection(SolutionProperties) = preSolution
		HideSolutionNode = FALSE
	EndGlobalSection
	GlobalSection(NestedProjects) = preSolution
		{A644B80C-7EE8-4269-AC1F-C6D4DAB8E088} = {7E9BA16B-AF66-4554-9C10-6DF1496BC39F}
		{E4163268-93DE-48C4-87A5-78EE00DF3A8C} = {A644B80C-7EE8-4269-AC1F-C6D4DAB8E088}
		{1A110515-A8FD-453C-B82A-912B89EA4605} = {7E9BA16B-AF66-4554-9C10-6DF1496BC39F}
		{83E9BB61-413B-4597-B139-CC7EDC86B575} = {1A110515-A8FD-453C-B82A-912B89EA4605}
		{5D1D21DF-A939-48FB-A24E-E827A44B0BDF} = {7E9BA16B-AF66-4554-9C10-6DF1496BC39F}
		{2F3FA58B-88BE-402D-AEA3-575C797687C8} = {5D1D21DF-A939-48FB-A24E-E827A44B0BDF}
		{3848426C-DA25-4D23-BEE2-C130D96C107A} = {5D1D21DF-A939-48FB-A24E-E827A44B0BDF}
		{C609A5BB-A606-40A9-B37A-0C47BE9238BD} = {5D1D21DF-A939-48FB-A24E-E827A44B0BDF}
		{4622A685-E927-405A-82C8-342D2CF96387} = {2F3FA58B-88BE-402D-AEA3-575C797687C8}
		{43B3DE57-ED01-4F87-A176-D137E1F63380} = {2F3FA58B-88BE-402D-AEA3-575C797687C8}
		{CEA791A4-4DCE-4829-8A45-5CD9DDD6D296} = {3848426C-DA25-4D23-BEE2-C130D96C107A}
		{BD7262E6-3ACF-4A98-AEEB-BC0CE3AFD13C} = {C609A5BB-A606-40A9-B37A-0C47BE9238BD}
	EndGlobalSection
	GlobalSection(ExtensibilityGlobals) = postSolution
		SolutionGuid = {55471A01-4D06-4064-984A-81FF2D2C8A2E}
	EndGlobalSection
EndGlobal
